// !$*UTF8*$!
{
	archiveVersion = 1;
	classes = {
	};
	objectVersion = 56;
	objects = {

/* Begin PBXBuildFile section */
		A4B0629829A8739700113BB3 /* landmarkApp.swift in Sources */ = {isa = PBXBuildFile; fileRef = A4B0629729A8739700113BB3 /* landmarkApp.swift */; };
		A4B0629A29A8739700113BB3 /* ContentView.swift in Sources */ = {isa = PBXBuildFile; fileRef = A4B0629929A8739700113BB3 /* ContentView.swift */; };
		A4B0629C29A8739900113BB3 /* Assets.xcassets in Resources */ = {isa = PBXBuildFile; fileRef = A4B0629B29A8739900113BB3 /* Assets.xcassets */; };
		A4B0629F29A8739900113BB3 /* Preview Assets.xcassets in Resources */ = {isa = PBXBuildFile; fileRef = A4B0629E29A8739900113BB3 /* Preview Assets.xcassets */; };
		A4B062A629A8749C00113BB3 /* CategoryHome.swift in Sources */ = {isa = PBXBuildFile; fileRef = A4B062A529A8749C00113BB3 /* CategoryHome.swift */; };
		A4B062A929A8798100113BB3 /* landmarkData.json in Resources */ = {isa = PBXBuildFile; fileRef = A4B062A829A8798100113BB3 /* landmarkData.json */; };
		A4B062AB29A87A0E00113BB3 /* Landmark.swift in Sources */ = {isa = PBXBuildFile; fileRef = A4B062AA29A87A0E00113BB3 /* Landmark.swift */; };
		A4B062AD29A87A5F00113BB3 /* ModelData.swift in Sources */ = {isa = PBXBuildFile; fileRef = A4B062AC29A87A5F00113BB3 /* ModelData.swift */; };
		A4B062AF29A87E2900113BB3 /* hikeData.json in Resources */ = {isa = PBXBuildFile; fileRef = A4B062AE29A87E2900113BB3 /* hikeData.json */; };
		A4B062B129A8805100113BB3 /* Hike.swift in Sources */ = {isa = PBXBuildFile; fileRef = A4B062B029A8805100113BB3 /* Hike.swift */; };
		A4B062B529A8889700113BB3 /* CategoryRow.swift in Sources */ = {isa = PBXBuildFile; fileRef = A4B062B429A8889700113BB3 /* CategoryRow.swift */; };
		A4B062B729A88B3600113BB3 /* CategoryItem.swift in Sources */ = {isa = PBXBuildFile; fileRef = A4B062B629A88B3600113BB3 /* CategoryItem.swift */; };
		A4B062B929A8946500113BB3 /* LandmarkDetail.swift in Sources */ = {isa = PBXBuildFile; fileRef = A4B062B829A8946500113BB3 /* LandmarkDetail.swift */; };
/* End PBXBuildFile section */

/* Begin PBXFileReference section */
		A4B0629429A8739700113BB3 /* landmark.app */ = {isa = PBXFileReference; explicitFileType = wrapper.application; includeInIndex = 0; path = landmark.app; sourceTree = BUILT_PRODUCTS_DIR; };
		A4B0629729A8739700113BB3 /* landmarkApp.swift */ = {isa = PBXFileReference; lastKnownFileType = sourcecode.swift; path = landmarkApp.swift; sourceTree = "<group>"; };
		A4B0629929A8739700113BB3 /* ContentView.swift */ = {isa = PBXFileReference; lastKnownFileType = sourcecode.swift; path = ContentView.swift; sourceTree = "<group>"; };
		A4B0629B29A8739900113BB3 /* Assets.xcassets */ = {isa = PBXFileReference; lastKnownFileType = folder.assetcatalog; path = Assets.xcassets; sourceTree = "<group>"; };
		A4B0629E29A8739900113BB3 /* Preview Assets.xcassets */ = {isa = PBXFileReference; lastKnownFileType = folder.assetcatalog; path = "Preview Assets.xcassets"; sourceTree = "<group>"; };
		A4B062A529A8749C00113BB3 /* CategoryHome.swift */ = {isa = PBXFileReference; lastKnownFileType = sourcecode.swift; path = CategoryHome.swift; sourceTree = "<group>"; };
		A4B062A829A8798100113BB3 /* landmarkData.json */ = {isa = PBXFileReference; fileEncoding = 4; lastKnownFileType = text.json; path = landmarkData.json; sourceTree = "<group>"; };
		A4B062AA29A87A0E00113BB3 /* Landmark.swift */ = {isa = PBXFileReference; lastKnownFileType = sourcecode.swift; path = Landmark.swift; sourceTree = "<group>"; };
		A4B062AC29A87A5F00113BB3 /* ModelData.swift */ = {isa = PBXFileReference; lastKnownFileType = sourcecode.swift; path = ModelData.swift; sourceTree = "<group>"; };
		A4B062AE29A87E2900113BB3 /* hikeData.json */ = {isa = PBXFileReference; fileEncoding = 4; lastKnownFileType = text.json; path = hikeData.json; sourceTree = "<group>"; };
		A4B062B029A8805100113BB3 /* Hike.swift */ = {isa = PBXFileReference; lastKnownFileType = sourcecode.swift; path = Hike.swift; sourceTree = "<group>"; };
		A4B062B429A8889700113BB3 /* CategoryRow.swift */ = {isa = PBXFileReference; lastKnownFileType = sourcecode.swift; path = CategoryRow.swift; sourceTree = "<group>"; };
		A4B062B629A88B3600113BB3 /* CategoryItem.swift */ = {isa = PBXFileReference; lastKnownFileType = sourcecode.swift; path = CategoryItem.swift; sourceTree = "<group>"; };
		A4B062B829A8946500113BB3 /* LandmarkDetail.swift */ = {isa = PBXFileReference; fileEncoding = 4; lastKnownFileType = sourcecode.swift; path = LandmarkDetail.swift; sourceTree = "<group>"; };
/* End PBXFileReference section */

/* Begin PBXFrameworksBuildPhase section */
		A4B0629129A8739700113BB3 /* Frameworks */ = {
			isa = PBXFrameworksBuildPhase;
			buildActionMask = 2147483647;
			files = (
			);
			runOnlyForDeploymentPostprocessing = 0;
		};
/* End PBXFrameworksBuildPhase section */

/* Begin PBXGroup section */
		A4B0628B29A8739700113BB3 = {
			isa = PBXGroup;
			children = (
				A4B0629629A8739700113BB3 /* landmark */,
				A4B0629529A8739700113BB3 /* Products */,
			);
			sourceTree = "<group>";
		};
		A4B0629529A8739700113BB3 /* Products */ = {
			isa = PBXGroup;
			children = (
				A4B0629429A8739700113BB3 /* landmark.app */,
			);
			name = Products;
			sourceTree = "<group>";
		};
		A4B0629629A8739700113BB3 /* landmark */ = {
			isa = PBXGroup;
			children = (
				A4B062A729A8794600113BB3 /* Resources */,
				A4B0629729A8739700113BB3 /* landmarkApp.swift */,
				A4B0629929A8739700113BB3 /* ContentView.swift */,
				A4B062B229A887FE00113BB3 /* Model */,
				A4B062B329A8885900113BB3 /* View */,
				A4B0629B29A8739900113BB3 /* Assets.xcassets */,
				A4B0629D29A8739900113BB3 /* Preview Content */,
			);
			path = landmark;
			sourceTree = "<group>";
		};
		A4B0629D29A8739900113BB3 /* Preview Content */ = {
			isa = PBXGroup;
			children = (
				A4B0629E29A8739900113BB3 /* Preview Assets.xcassets */,
			);
			path = "Preview Content";
			sourceTree = "<group>";
		};
		A4B062A729A8794600113BB3 /* Resources */ = {
			isa = PBXGroup;
			children = (
				A4B062A829A8798100113BB3 /* landmarkData.json */,
				A4B062AE29A87E2900113BB3 /* hikeData.json */,
			);
			path = Resources;
			sourceTree = "<group>";
		};
		A4B062B229A887FE00113BB3 /* Model */ = {
			isa = PBXGroup;
			children = (
				A4B062AA29A87A0E00113BB3 /* Landmark.swift */,
				A4B062B029A8805100113BB3 /* Hike.swift */,
				A4B062AC29A87A5F00113BB3 /* ModelData.swift */,
			);
			path = Model;
			sourceTree = "<group>";
		};
		A4B062B329A8885900113BB3 /* View */ = {
			isa = PBXGroup;
			children = (
				A4E1F59F29BCE8DC005B02F5 /* Landmark */,
				A4E1F59E29BCE8B5005B02F5 /* Category */,
			);
			path = View;
			sourceTree = "<group>";
		};
		A4E1F59E29BCE8B5005B02F5 /* Category */ = {
			isa = PBXGroup;
			children = (
				A4B062A529A8749C00113BB3 /* CategoryHome.swift */,
				A4B062B429A8889700113BB3 /* CategoryRow.swift */,
				A4B062B629A88B3600113BB3 /* CategoryItem.swift */,
			);
			path = Category;
			sourceTree = "<group>";
		};
		A4E1F59F29BCE8DC005B02F5 /* Landmark */ = {
			isa = PBXGroup;
			children = (
				A4B062B829A8946500113BB3 /* LandmarkDetail.swift */,
			);
			path = Landmark;
			sourceTree = "<group>";
		};
/* End PBXGroup section */

/* Begin PBXNativeTarget section */
		A4B0629329A8739700113BB3 /* landmark */ = {
			isa = PBXNativeTarget;
			buildConfigurationList = A4B062A229A8739900113BB3 /* Build configuration list for PBXNativeTarget "landmark" */;
			buildPhases = (
				A4B0629029A8739700113BB3 /* Sources */,
				A4B0629129A8739700113BB3 /* Frameworks */,
				A4B0629229A8739700113BB3 /* Resources */,
			);
			buildRules = (
			);
			dependencies = (
			);
			name = landmark;
			productName = landmark;
			productReference = A4B0629429A8739700113BB3 /* landmark.app */;
			productType = "com.apple.product-type.application";
		};
/* End PBXNativeTarget section */

/* Begin PBXProject section */
		A4B0628C29A8739700113BB3 /* Project object */ = {
			isa = PBXProject;
			attributes = {
				BuildIndependentTargetsInParallel = 1;
				LastSwiftUpdateCheck = 1420;
				LastUpgradeCheck = 1420;
				TargetAttributes = {
					A4B0629329A8739700113BB3 = {
						CreatedOnToolsVersion = 14.2;
					};
				};
			};
			buildConfigurationList = A4B0628F29A8739700113BB3 /* Build configuration list for PBXProject "landmark" */;
			compatibilityVersion = "Xcode 14.0";
			developmentRegion = en;
			hasScannedForEncodings = 0;
			knownRegions = (
				en,
				Base,
			);
			mainGroup = A4B0628B29A8739700113BB3;
			productRefGroup = A4B0629529A8739700113BB3 /* Products */;
			projectDirPath = "";
			projectRoot = "";
			targets = (
				A4B0629329A8739700113BB3 /* landmark */,
			);
		};
/* End PBXProject section */

/* Begin PBXResourcesBuildPhase section */
		A4B0629229A8739700113BB3 /* Resources */ = {
			isa = PBXResourcesBuildPhase;
			buildActionMask = 2147483647;
			files = (
				A4B062AF29A87E2900113BB3 /* hikeData.json in Resources */,
				A4B0629F29A8739900113BB3 /* Preview Assets.xcassets in Resources */,
				A4B0629C29A8739900113BB3 /* Assets.xcassets in Resources */,
				A4B062A929A8798100113BB3 /* landmarkData.json in Resources */,
			);
			runOnlyForDeploymentPostprocessing = 0;
		};
/* End PBXResourcesBuildPhase section */

/* Begin PBXSourcesBuildPhase section */
		A4B0629029A8739700113BB3 /* Sources */ = {
			isa = PBXSourcesBuildPhase;
			buildActionMask = 2147483647;
			files = (
				A4B062B129A8805100113BB3 /* Hike.swift in Sources */,
				A4B0629A29A8739700113BB3 /* ContentView.swift in Sources */,
				A4B062B729A88B3600113BB3 /* CategoryItem.swift in Sources */,
				A4B062A629A8749C00113BB3 /* CategoryHome.swift in Sources */,
				A4B062B929A8946500113BB3 /* LandmarkDetail.swift in Sources */,
				A4B062AD29A87A5F00113BB3 /* ModelData.swift in Sources */,
				A4B062B529A8889700113BB3 /* CategoryRow.swift in Sources */,
				A4B0629829A8739700113BB3 /* landmarkApp.swift in Sources */,
				A4B062AB29A87A0E00113BB3 /* Landmark.swift in Sources */,
			);
			runOnlyForDeploymentPostprocessing = 0;
		};
/* End PBXSourcesBuildPhase section */

/* Begin XCBuildConfiguration section */
		A4B062A029A8739900113BB3 /* Debug */ = {
			isa = XCBuildConfiguration;
			buildSettings = {
				ALWAYS_SEARCH_USER_PATHS = NO;
				CLANG_ANALYZER_NONNULL = YES;
				CLANG_ANALYZER_NUMBER_OBJECT_CONVERSION = YES_AGGRESSIVE;
				CLANG_CXX_LANGUAGE_STANDARD = "gnu++20";
				CLANG_ENABLE_MODULES = YES;
				CLANG_ENABLE_OBJC_ARC = YES;
				CLANG_ENABLE_OBJC_WEAK = YES;
				CLANG_WARN_BLOCK_CAPTURE_AUTORELEASING = YES;
				CLANG_WARN_BOOL_CONVERSION = YES;
				CLANG_WARN_COMMA = YES;
				CLANG_WARN_CONSTANT_CONVERSION = YES;
				CLANG_WARN_DEPRECATED_OBJC_IMPLEMENTATIONS = YES;
				CLANG_WARN_DIRECT_OBJC_ISA_USAGE = YES_ERROR;
				CLANG_WARN_DOCUMENTATION_COMMENTS = YES;
				CLANG_WARN_EMPTY_BODY = YES;
				CLANG_WARN_ENUM_CONVERSION = YES;
				CLANG_WARN_INFINITE_RECURSION = YES;
				CLANG_WARN_INT_CONVERSION = YES;
				CLANG_WARN_NON_LITERAL_NULL_CONVERSION = YES;
				CLANG_WARN_OBJC_IMPLICIT_RETAIN_SELF = YES;
				CLANG_WARN_OBJC_LITERAL_CONVERSION = YES;
				CLANG_WARN_OBJC_ROOT_CLASS = YES_ERROR;
				CLANG_WARN_QUOTED_INCLUDE_IN_FRAMEWORK_HEADER = YES;
				CLANG_WARN_RANGE_LOOP_ANALYSIS = YES;
				CLANG_WARN_STRICT_PROTOTYPES = YES;
				CLANG_WARN_SUSPICIOUS_MOVE = YES;
				CLANG_WARN_UNGUARDED_AVAILABILITY = YES_AGGRESSIVE;
				CLANG_WARN_UNREACHABLE_CODE = YES;
				CLANG_WARN__DUPLICATE_METHOD_MATCH = YES;
				COPY_PHASE_STRIP = NO;
				DEBUG_INFORMATION_FORMAT = dwarf;
				ENABLE_STRICT_OBJC_MSGSEND = YES;
				ENABLE_TESTABILITY = YES;
				GCC_C_LANGUAGE_STANDARD = gnu11;
				GCC_DYNAMIC_NO_PIC = NO;
				GCC_NO_COMMON_BLOCKS = YES;
				GCC_OPTIMIZATION_LEVEL = 0;
				GCC_PREPROCESSOR_DEFINITIONS = (
					"DEBUG=1",
					"$(inherited)",
				);
				GCC_WARN_64_TO_32_BIT_CONVERSION = YES;
				GCC_WARN_ABOUT_RETURN_TYPE = YES_ERROR;
				GCC_WARN_UNDECLARED_SELECTOR = YES;
				GCC_WARN_UNINITIALIZED_AUTOS = YES_AGGRESSIVE;
				GCC_WARN_UNUSED_FUNCTION = YES;
				GCC_WARN_UNUSED_VARIABLE = YES;
				IPHONEOS_DEPLOYMENT_TARGET = 16.2;
				MTL_ENABLE_DEBUG_INFO = INCLUDE_SOURCE;
				MTL_FAST_MATH = YES;
				ONLY_ACTIVE_ARCH = YES;
				SDKROOT = iphoneos;
				SWIFT_ACTIVE_COMPILATION_CONDITIONS = DEBUG;
				SWIFT_OPTIMIZATION_LEVEL = "-Onone";
			};
			name = Debug;
		};
		A4B062A129A8739900113BB3 /* Release */ = {
			isa = XCBuildConfiguration;
			buildSettings = {
				ALWAYS_SEARCH_USER_PATHS = NO;
				CLANG_ANALYZER_NONNULL = YES;
				CLANG_ANALYZER_NUMBER_OBJECT_CONVERSION = YES_AGGRESSIVE;
				CLANG_CXX_LANGUAGE_STANDARD = "gnu++20";
				CLANG_ENABLE_MODULES = YES;
				CLANG_ENABLE_OBJC_ARC = YES;
				CLANG_ENABLE_OBJC_WEAK = YES;
				CLANG_WARN_BLOCK_CAPTURE_AUTORELEASING = YES;
				CLANG_WARN_BOOL_CONVERSION = YES;
				CLANG_WARN_COMMA = YES;
				CLANG_WARN_CONSTANT_CONVERSION = YES;
				CLANG_WARN_DEPRECATED_OBJC_IMPLEMENTATIONS = YES;
				CLANG_WARN_DIRECT_OBJC_ISA_USAGE = YES_ERROR;
				CLANG_WARN_DOCUMENTATION_COMMENTS = YES;
				CLANG_WARN_EMPTY_BODY = YES;
				CLANG_WARN_ENUM_CONVERSION = YES;
				CLANG_WARN_INFINITE_RECURSION = YES;
				CLANG_WARN_INT_CONVERSION = YES;
				CLANG_WARN_NON_LITERAL_NULL_CONVERSION = YES;
				CLANG_WARN_OBJC_IMPLICIT_RETAIN_SELF = YES;
				CLANG_WARN_OBJC_LITERAL_CONVERSION = YES;
				CLANG_WARN_OBJC_ROOT_CLASS = YES_ERROR;
				CLANG_WARN_QUOTED_INCLUDE_IN_FRAMEWORK_HEADER = YES;
				CLANG_WARN_RANGE_LOOP_ANALYSIS = YES;
				CLANG_WARN_STRICT_PROTOTYPES = YES;
				CLANG_WARN_SUSPICIOUS_MOVE = YES;
				CLANG_WARN_UNGUARDED_AVAILABILITY = YES_AGGRESSIVE;
				CLANG_WARN_UNREACHABLE_CODE = YES;
				CLANG_WARN__DUPLICATE_METHOD_MATCH = YES;
				COPY_PHASE_STRIP = NO;
				DEBUG_INFORMATION_FORMAT = "dwarf-with-dsym";
				ENABLE_NS_ASSERTIONS = NO;
				ENABLE_STRICT_OBJC_MSGSEND = YES;
				GCC_C_LANGUAGE_STANDARD = gnu11;
				GCC_NO_COMMON_BLOCKS = YES;
				GCC_WARN_64_TO_32_BIT_CONVERSION = YES;
				GCC_WARN_ABOUT_RETURN_TYPE = YES_ERROR;
				GCC_WARN_UNDECLARED_SELECTOR = YES;
				GCC_WARN_UNINITIALIZED_AUTOS = YES_AGGRESSIVE;
				GCC_WARN_UNUSED_FUNCTION = YES;
				GCC_WARN_UNUSED_VARIABLE = YES;
				IPHONEOS_DEPLOYMENT_TARGET = 16.2;
				MTL_ENABLE_DEBUG_INFO = NO;
				MTL_FAST_MATH = YES;
				SDKROOT = iphoneos;
				SWIFT_COMPILATION_MODE = wholemodule;
				SWIFT_OPTIMIZATION_LEVEL = "-O";
				VALIDATE_PRODUCT = YES;
			};
			name = Release;
		};
		A4B062A329A8739900113BB3 /* Debug */ = {
			isa = XCBuildConfiguration;
			buildSettings = {
				ASSETCATALOG_COMPILER_APPICON_NAME = AppIcon;
				ASSETCATALOG_COMPILER_GLOBAL_ACCENT_COLOR_NAME = AccentColor;
				CODE_SIGN_STYLE = Automatic;
				CURRENT_PROJECT_VERSION = 1;
				DEVELOPMENT_ASSET_PATHS = "\"landmark/Preview Content\"";
				DEVELOPMENT_TEAM = LP572SD537;
				ENABLE_PREVIEWS = YES;
				GENERATE_INFOPLIST_FILE = YES;
				INFOPLIST_KEY_UIApplicationSceneManifest_Generation = YES;
				INFOPLIST_KEY_UIApplicationSupportsIndirectInputEvents = YES;
				INFOPLIST_KEY_UILaunchScreen_Generation = YES;
				INFOPLIST_KEY_UISupportedInterfaceOrientations_iPad = "UIInterfaceOrientationPortrait UIInterfaceOrientationPortraitUpsideDown UIInterfaceOrientationLandscapeLeft UIInterfaceOrientationLandscapeRight";
				INFOPLIST_KEY_UISupportedInterfaceOrientations_iPhone = "UIInterfaceOrientationPortrait UIInterfaceOrientationLandscapeLeft UIInterfaceOrientationLandscapeRight";
				LD_RUNPATH_SEARCH_PATHS = (
					"$(inherited)",
					"@executable_path/Frameworks",
				);
				MARKETING_VERSION = 1.0;
				PRODUCT_BUNDLE_IDENTIFIER = net.nyj.landmark;
				PRODUCT_NAME = "$(TARGET_NAME)";
				SWIFT_EMIT_LOC_STRINGS = YES;
				SWIFT_VERSION = 5.0;
				TARGETED_DEVICE_FAMILY = "1,2";
			};
			name = Debug;
		};
		A4B062A429A8739900113BB3 /* Release */ = {
			isa = XCBuildConfiguration;
			buildSettings = {
				ASSETCATALOG_COMPILER_APPICON_NAME = AppIcon;
				ASSETCATALOG_COMPILER_GLOBAL_ACCENT_COLOR_NAME = AccentColor;
				CODE_SIGN_STYLE = Automatic;
				CURRENT_PROJECT_VERSION = 1;
				DEVELOPMENT_ASSET_PATHS = "\"landmark/Preview Content\"";
				DEVELOPMENT_TEAM = LP572SD537;
				ENABLE_PREVIEWS = YES;
				GENERATE_INFOPLIST_FILE = YES;
				INFOPLIST_KEY_UIApplicationSceneManifest_Generation = YES;
				INFOPLIST_KEY_UIApplicationSupportsIndirectInputEvents = YES;
				INFOPLIST_KEY_UILaunchScreen_Generation = YES;
				INFOPLIST_KEY_UISupportedInterfaceOrientations_iPad = "UIInterfaceOrientationPortrait UIInterfaceOrientationPortraitUpsideDown UIInterfaceOrientationLandscapeLeft UIInterfaceOrientationLandscapeRight";
				INFOPLIST_KEY_UISupportedInterfaceOrientations_iPhone = "UIInterfaceOrientationPortrait UIInterfaceOrientationLandscapeLeft UIInterfaceOrientationLandscapeRight";
				LD_RUNPATH_SEARCH_PATHS = (
					"$(inherited)",
					"@executable_path/Frameworks",
				);
				MARKETING_VERSION = 1.0;
				PRODUCT_BUNDLE_IDENTIFIER = net.nyj.landmark;
				PRODUCT_NAME = "$(TARGET_NAME)";
				SWIFT_EMIT_LOC_STRINGS = YES;
				SWIFT_VERSION = 5.0;
				TARGETED_DEVICE_FAMILY = "1,2";
			};
			name = Release;
		};
/* End XCBuildConfiguration section */

/* Begin XCConfigurationList section */
		A4B0628F29A8739700113BB3 /* Build configuration list for PBXProject "landmark" */ = {
			isa = XCConfigurationList;
			buildConfigurations = (
				A4B062A029A8739900113BB3 /* Debug */,
				A4B062A129A8739900113BB3 /* Release */,
			);
			defaultConfigurationIsVisible = 0;
			defaultConfigurationName = Release;
		};
		A4B062A229A8739900113BB3 /* Build configuration list for PBXNativeTarget "landmark" */ = {
			isa = XCConfigurationList;
			buildConfigurations = (
				A4B062A329A8739900113BB3 /* Debug */,
				A4B062A429A8739900113BB3 /* Release */,
			);
			defaultConfigurationIsVisible = 0;
			defaultConfigurationName = Release;
		};
/* End XCConfigurationList section */
	};
	rootObject = A4B0628C29A8739700113BB3 /* Project object */;
}
